lockfileVersion: 5.4

specifiers:
  '@playwright/test': ^1.46.1
  pnpm: ^9.7.1

dependencies:
  pnpm: 9.7.1

devDependencies:
  '@playwright/test': 1.46.1

packages:

  /@playwright/test/1.46.1:
    resolution: {integrity: sha512-Fq6SwLujA/DOIvNC2EL/SojJnkKf/rAwJ//APpJJHRyMi1PdKrY3Az+4XNQ51N4RTbItbIByQ0jgd1tayq1aeA==}
    engines: {node: '>=18'}
    hasBin: true
    dependencies:
      playwright: 1.46.1
    dev: true

  /fsevents/2.3.2:
    resolution: {integrity: sha512-xiqMQR4xAeHTuB9uWm+fFRcIOgKBMiOBP+eXiyT7jsgVCq1bkVygt00oASowB7EdtpOHaaPgKt812P9ab+DDKA==}
    engines: {node: ^8.16.0 || ^10.6.0 || >=11.0.0}
    os: [darwin]
    requiresBuild: true
    dev: true
    optional: true

  /playwright-core/1.46.1:
    resolution: {integrity: sha512-h9LqIQaAv+CYvWzsZ+h3RsrqCStkBHlgo6/TJlFst3cOTlLghBQlJwPOZKQJTKNaD3QIB7aAVQ+gfWbN3NXB7A==}
    engines: {node: '>=18'}
    hasBin: true
    dev: true

  /playwright/1.46.1:
    resolution: {integrity: sha512-oPcr1yqoXLCkgKtD5eNUPLiN40rYEM39odNpIb6VE6S7/15gJmA1NzVv6zJYusV0e7tzvkU/utBFNa/Kpxmwng==}
    engines: {node: '>=18'}
    hasBin: true
    dependencies:
      playwright-core: 1.46.1
    optionalDependencies:
      fsevents: 2.3.2
    dev: true

  /pnpm/9.7.1:
    resolution: {integrity: sha512-+vNEry1splxMXIwiJOp3qBpeiFnLxOBrFRHdzi8BUVEkMd0Z5q/zHyxqj18qztm9InPh/tfdTeGGiYQFnSxCRw==}
    engines: {node: '>=18.12'}
    hasBin: true
    dev: false
