{
  "name": "todomvc",
  "version": "0.1.0",
  "lockfileVersion": 2,
  "requires": true,
  "packages": {
    "": {
      "name": "todomvc",
      "version": "0.1.0",
      "license": "ISC",
      "dependencies": {
        "todomvc-app-css": "^2.4.2",
        "todomvc-common": "^1.0.5"
      }
    },
    "node_modules/todomvc-app-css": {
      "version": "2.4.2",
      "resolved": "https://registry.npmjs.org/todomvc-app-css/-/todomvc-app-css-2.4.2.tgz",
      "integrity": "sha512-ViAkQ7ed89rmhFIGRsT36njN+97z8+s3XsJnB8E2IKOq+/SLD/6PtSvmTtiwUcVk39qPcjAc/OyeDys4LoJUVg=="
    },
    "node_modules/todomvc-common": {
      "version": "1.0.5",
      "resolved": "https://registry.npmjs.org/todomvc-common/-/todomvc-common-1.0.5.tgz",
      "integrity": "sha512-D8kEJmxVMQIWwztEdH+WeiAfXRbbSCpgXq4NkYi+gduJ2tr8CNq7sYLfJvjpQ10KD9QxJwig57rvMbV2QAESwQ=="
    }
  },
  "dependencies": {
    "todomvc-app-css": {
      "version": "2.4.2",
      "resolved": "https://registry.npmjs.org/todomvc-app-css/-/todomvc-app-css-2.4.2.tgz",
      "integrity": "sha512-ViAkQ7ed89rmhFIGRsT36njN+97z8+s3XsJnB8E2IKOq+/SLD/6PtSvmTtiwUcVk39qPcjAc/OyeDys4LoJUVg=="
    },
    "todomvc-common": {
      "version": "1.0.5",
      "resolved": "https://registry.npmjs.org/todomvc-common/-/todomvc-common-1.0.5.tgz",
      "integrity": "sha512-D8kEJmxVMQIWwztEdH+WeiAfXRbbSCpgXq4NkYi+gduJ2tr8CNq7sYLfJvjpQ10KD9QxJwig57rvMbV2QAESwQ=="
    }
  }
}
