[cli]
sha256 = "1de50b8e6940e73110cda10b7f90ca87a8fea886f0fa36c748f96dc70671ee38"
sha512 = "bbb6cd3e7b4d3237b6af9bfbb2633ccd2c4ea2a4f37b8c033255c7e0c1cb037be7f22ec1f8ca792cc8ec1942199582943979e646b4b272b85dcff7654eac51d0"

[clocks]
sha256 = "ea9d69ee803bc176e23e5268f5e24a2ac485dd1f62a0ab4c748e9d3f901f576f"
sha512 = "5efc22927c46cd56c41e5549ec775561c7fac2ea0d365abc0b55396d9475a7c9f984077a81f84a44a726f1c008fd2fadbffffa4fa53ecd5fbfd05afd379ab428"

[filesystem]
sha256 = "cfe8c420e8b857de612ae2a3336680dae16b95c93c8ba3a6ff05b21210966740"
sha512 = "3c00c5544a58658e3e8025677091685286027fd49f37abf198c30b4e83b9e68f19723975aaa98794fba9f425ae9ef4f3dc0f5b9cf59203b5ecfaadf62b296f9a"

[http]
url = "https://github.com/WebAssembly/wasi-http/archive/v0.2.1.tar.gz"
sha256 = "ff21e05571af02488371bebc9cb674e30e0613eda22e3c1d8e1aba36cdff5ee8"
sha512 = "1825b56f1718e822acf1b49929ead8f6493752b1d3524ce0974c3acdf656af2fc3fe5c8456b71ffab44583bc3ae7061d5a285d8a7203fcae949d44b3d81e2f2b"
deps = ["cli", "clocks", "filesystem", "io", "random", "sockets"]

[io]
sha256 = "2a74bd811adc46b5a0f19827ddbde89870e52b17615f4d0873f06fd977250caf"
sha512 = "94624f00c66e66203592cee820f80b1ba91ecdb71f682c154f25eaf71f8d8954197dcb64503bc21e72ed5e812af7eae876df47b7eb727b02db3a74a7ce0aefca"

[random]
sha256 = "9e2d5056186f81b2e7f96bc97d2babd0341840f6abb4f170449b70992f1b598f"
sha512 = "67bf41d8d5d4b7af084124ee85196585225785969059f59e2f9ddb77ac1a8095cfe811ae29d076aac817418fa01064d7b9fbc0233930bace680758eeb21e36f8"

[sockets]
sha256 = "4c361137a7e61e8b9a73da2a0899dd9ad1a0c2dfee7d310cf168704c57b7a07c"
sha512 = "348b4ef381f57aec23d48537df8b69ab8963587dcb056e94c4cd5657e217677a4ee2a545868a5c829d2334cc6b8b0a61d3e72797999f44d78553fbd3a73c5b8d"
